
Microsoft Visual Studio Solution File, Format Version 12.00
# Visual Studio Version 16
VisualStudioVersion = 16.0.31911.196
MinimumVisualStudioVersion = 10.0.40219.1
Project("{9A19103F-16F7-4668-BE54-9A1E7A4F7556}") = "EatonManagementBoard", "EatonManagementBoard.csproj", "{1328F989-2D60-477B-B272-D8B1D7A24821}"
EndProject
Global
	GlobalSection(SolutionConfigurationPlatforms) = preSolution
		Debug|Any CPU = Debug|Any CPU
		Release|Any CPU = Release|Any CPU
	EndGlobalSection
	GlobalSection(ProjectConfigurationPlatforms) = postSolution
		{1328F989-2D60-477B-B272-D8B1D7A24821}.Debug|Any CPU.ActiveCfg = Debug|Any CPU
		{1328F989-2D60-477B-B272-D8B1D7A24821}.Debug|Any CPU.Build.0 = Debug|Any CPU
		{1328F989-2D60-477B-B272-D8B1D7A24821}.Release|Any CPU.ActiveCfg = Release|Any CPU
		{1328F989-2D60-477B-B272-D8B1D7A24821}.Release|Any CPU.Build.0 = Release|Any CPU
	EndGlobalSection
	GlobalSection(SolutionProperties) = preSolution
		HideSolutionNode = FALSE
	EndGlobalSection
	GlobalSection(ExtensibilityGlobals) = postSolution
		SolutionGuid = {598472B9-AEB7-445A-87B1-423F4679DB42}
	EndGlobalSection
EndGlobal
